# THIS IS AN AUTOGENERATED FILE. DO NOT EDIT THIS FILE DIRECTLY.
# yarn lockfile v1


typescript-compiler@^1.4.1-2:
  version "1.4.1-2"
  resolved "https://registry.yarnpkg.com/typescript-compiler/-/typescript-compiler-1.4.1-2.tgz#ba4f7db22d91534a1929d90009dce161eb72fd3f"
  integrity sha1-uk99si2RU0oZKdkACdzhYety/T8=
